
Microsoft Visual Studio Solution File, Format Version 12.00
# Visual Studio 2013
VisualStudioVersion = 12.0.30501.0
MinimumVisualStudioVersion = 10.0.40219.1
Project("{FAE04EC0-301F-11D3-BF4B-00C04F79EFBC}") = "TestProgram", "TestProgram\TestProgram.csproj", "{6E17F252-8E80-4088-BCDC-9814264E77FD}"
EndProject
Project("{FAE04EC0-301F-11D3-BF4B-00C04F79EFBC}") = "SharpGEDParser", "SharpGEDParser\SharpGEDParser.csproj", "{58B3C8E5-2E1C-402E-BA60-AE97DE0A6621}"
EndProject
Project("{2150E333-8FDC-42A3-9474-1A3956D46DE8}") = "Solution Items", "Solution Items", "{C75E8CBB-0722-47EF-A7CA-B4ECAD75BBD4}"
EndProject
Project("{FAE04EC0-301F-11D3-BF4B-00C04F79EFBC}") = "UnitTestProject1", "UnitTestProject1\UnitTestProject1.csproj", "{D6C9B250-D4B1-408D-935D-959F3BBA50B7}"
EndProject
Global
	GlobalSection(SolutionConfigurationPlatforms) = preSolution
		Debug|Any CPU = Debug|Any CPU
		Release|Any CPU = Release|Any CPU
	EndGlobalSection
	GlobalSection(ProjectConfigurationPlatforms) = postSolution
		{6E17F252-8E80-4088-BCDC-9814264E77FD}.Debug|Any CPU.ActiveCfg = Debug|Any CPU
		{6E17F252-8E80-4088-BCDC-9814264E77FD}.Debug|Any CPU.Build.0 = Debug|Any CPU
		{6E17F252-8E80-4088-BCDC-9814264E77FD}.Release|Any CPU.ActiveCfg = Release|Any CPU
		{6E17F252-8E80-4088-BCDC-9814264E77FD}.Release|Any CPU.Build.0 = Release|Any CPU
		{58B3C8E5-2E1C-402E-BA60-AE97DE0A6621}.Debug|Any CPU.ActiveCfg = Debug|Any CPU
		{58B3C8E5-2E1C-402E-BA60-AE97DE0A6621}.Debug|Any CPU.Build.0 = Debug|Any CPU
		{58B3C8E5-2E1C-402E-BA60-AE97DE0A6621}.Release|Any CPU.ActiveCfg = Release|Any CPU
		{58B3C8E5-2E1C-402E-BA60-AE97DE0A6621}.Release|Any CPU.Build.0 = Release|Any CPU
		{D6C9B250-D4B1-408D-935D-959F3BBA50B7}.Debug|Any CPU.ActiveCfg = Debug|Any CPU
		{D6C9B250-D4B1-408D-935D-959F3BBA50B7}.Debug|Any CPU.Build.0 = Debug|Any CPU
		{D6C9B250-D4B1-408D-935D-959F3BBA50B7}.Release|Any CPU.ActiveCfg = Release|Any CPU
		{D6C9B250-D4B1-408D-935D-959F3BBA50B7}.Release|Any CPU.Build.0 = Release|Any CPU
	EndGlobalSection
	GlobalSection(SolutionProperties) = preSolution
		HideSolutionNode = FALSE
	EndGlobalSection
EndGlobal
